// !$*UTF8*$!
{
	archiveVersion = 1;
	classes = {
	};
	objectVersion = 77;
	objects = {

/* Begin PBXBuildFile section */
		EC0E44C92E5EF3B100E52C2D /* Navigation in Frameworks */ = {isa = PBXBuildFile; productRef = EC0E44C82E5EF3B100E52C2D /* Navigation */; };
		EC2977A32E58A1F300734BEA /* Alerts in Frameworks */ = {isa = PBXBuildFile; productRef = EC2977A22E58A1F300734BEA /* Alerts */; };
		EC2977A52E58A1FD00734BEA /* Dashboard in Frameworks */ = {isa = PBXBuildFile; productRef = EC2977A42E58A1FD00734BEA /* Dashboard */; };
		EC2977A72E58A20200734BEA /* DeviceDetail in Frameworks */ = {isa = PBXBuildFile; productRef = EC2977A62E58A20200734BEA /* DeviceDetail */; };
		EC2977A92E58A20A00734BEA /* Settings in Frameworks */ = {isa = PBXBuildFile; productRef = EC2977A82E58A20A00734BEA /* Settings */; };
		EC63945A2E58B8C400FE0A82 /* Infrastructure in Frameworks */ = {isa = PBXBuildFile; productRef = EC6394592E58B8C400FE0A82 /* Infrastructure */; };
		EC63945C2E58B8CC00FE0A82 /* Presentation in Frameworks */ = {isa = PBXBuildFile; productRef = EC63945B2E58B8CC00FE0A82 /* Presentation */; };
		ECAA1F072E58BA3C006AA681 /* Domain in Frameworks */ = {isa = PBXBuildFile; productRef = ECAA1F062E58BA3C006AA681 /* Domain */; };
		ECAA1F092E58BAFF006AA681 /* Data in Frameworks */ = {isa = PBXBuildFile; productRef = ECAA1F082E58BAFF006AA681 /* Data */; };
		ECD6A2712E5D8ED7003C1149 /* Stores in Frameworks */ = {isa = PBXBuildFile; productRef = ECD6A2702E5D8ED7003C1149 /* Stores */; };
/* End PBXBuildFile section */

/* Begin PBXContainerItemProxy section */
		EC78E3A82E4F694900262F13 /* PBXContainerItemProxy */ = {
			isa = PBXContainerItemProxy;
			containerPortal = EC78E3912E4F694800262F13 /* Project object */;
			proxyType = 1;
			remoteGlobalIDString = EC78E3982E4F694800262F13;
			remoteInfo = Argus;
		};
/* End PBXContainerItemProxy section */

/* Begin PBXFileReference section */
		EC2DDBC82E5EF4F900791902 /* Navigation */ = {isa = PBXFileReference; lastKnownFileType = wrapper; name = Navigation; path = AppPackages/Navigation; sourceTree = "<group>"; };
		EC78E3992E4F694800262F13 /* Argus.app */ = {isa = PBXFileReference; explicitFileType = wrapper.application; includeInIndex = 0; path = Argus.app; sourceTree = BUILT_PRODUCTS_DIR; };
		EC78E3A72E4F694900262F13 /* ArgusTests.xctest */ = {isa = PBXFileReference; explicitFileType = wrapper.cfbundle; includeInIndex = 0; path = ArgusTests.xctest; sourceTree = BUILT_PRODUCTS_DIR; };
		ECAA1F0A2E59DE42006AA681 /* README.md */ = {isa = PBXFileReference; lastKnownFileType = net.daringfireball.markdown; path = README.md; sourceTree = "<group>"; };
		ECCA86352E5B68E100490B13 /* TestPlan.xctestplan */ = {isa = PBXFileReference; lastKnownFileType = text; path = TestPlan.xctestplan; sourceTree = "<group>"; };
		ECDA1D112E4F82E700D59653 /* Domain */ = {isa = PBXFileReference; lastKnownFileType = wrapper; name = Domain; path = AppPackages/Domain; sourceTree = "<group>"; };
		ECDA1D152E4F836700D59653 /* Data */ = {isa = PBXFileReference; lastKnownFileType = wrapper; name = Data; path = AppPackages/Data; sourceTree = "<group>"; };
		ECDA1D182E4F83D500D59653 /* Presentation */ = {isa = PBXFileReference; lastKnownFileType = wrapper; name = Presentation; path = AppPackages/Presentation; sourceTree = "<group>"; };
		ECDA1D1B2E4F840F00D59653 /* Infrastructure */ = {isa = PBXFileReference; lastKnownFileType = wrapper; name = Infrastructure; path = AppPackages/Infrastructure; sourceTree = "<group>"; };
/* End PBXFileReference section */

/* Begin PBXFileSystemSynchronizedBuildFileExceptionSet section */
		ECCA863C2E5BA15E00490B13 /* Exceptions for "Argus" folder in "Argus" target */ = {
			isa = PBXFileSystemSynchronizedBuildFileExceptionSet;
			membershipExceptions = (
				Info.plist,
			);
			target = EC78E3982E4F694800262F13 /* Argus */;
		};
/* End PBXFileSystemSynchronizedBuildFileExceptionSet section */

/* Begin PBXFileSystemSynchronizedRootGroup section */
		EC78E39B2E4F694800262F13 /* Argus */ = {
			isa = PBXFileSystemSynchronizedRootGroup;
			exceptions = (
				ECCA863C2E5BA15E00490B13 /* Exceptions for "Argus" folder in "Argus" target */,
			);
			path = Argus;
			sourceTree = "<group>";
		};
		EC78E3AA2E4F694900262F13 /* ArgusTests */ = {
			isa = PBXFileSystemSynchronizedRootGroup;
			path = ArgusTests;
			sourceTree = "<group>";
		};
/* End PBXFileSystemSynchronizedRootGroup section */

/* Begin PBXFrameworksBuildPhase section */
		EC78E3962E4F694800262F13 /* Frameworks */ = {
			isa = PBXFrameworksBuildPhase;
			buildActionMask = 2147483647;
			files = (
				EC63945C2E58B8CC00FE0A82 /* Presentation in Frameworks */,
				EC2977A32E58A1F300734BEA /* Alerts in Frameworks */,
				EC2977A92E58A20A00734BEA /* Settings in Frameworks */,
				EC2977A72E58A20200734BEA /* DeviceDetail in Frameworks */,
				EC0E44C92E5EF3B100E52C2D /* Navigation in Frameworks */,
				ECD6A2712E5D8ED7003C1149 /* Stores in Frameworks */,
				EC2977A52E58A1FD00734BEA /* Dashboard in Frameworks */,
				ECAA1F072E58BA3C006AA681 /* Domain in Frameworks */,
				ECAA1F092E58BAFF006AA681 /* Data in Frameworks */,
				EC63945A2E58B8C400FE0A82 /* Infrastructure in Frameworks */,
			);
			runOnlyForDeploymentPostprocessing = 0;
		};
		EC78E3A42E4F694900262F13 /* Frameworks */ = {
			isa = PBXFrameworksBuildPhase;
			buildActionMask = 2147483647;
			files = (
			);
			runOnlyForDeploymentPostprocessing = 0;
		};
/* End PBXFrameworksBuildPhase section */

/* Begin PBXGroup section */
		EC78E3902E4F694800262F13 = {
			isa = PBXGroup;
			children = (
				ECCA86352E5B68E100490B13 /* TestPlan.xctestplan */,
				ECAA1F0A2E59DE42006AA681 /* README.md */,
				EC2DDBC82E5EF4F900791902 /* Navigation */,
				ECDA1D1B2E4F840F00D59653 /* Infrastructure */,
				ECDA1D182E4F83D500D59653 /* Presentation */,
				ECDA1D152E4F836700D59653 /* Data */,
				ECDA1D112E4F82E700D59653 /* Domain */,
				EC78E39B2E4F694800262F13 /* Argus */,
				EC78E3AA2E4F694900262F13 /* ArgusTests */,
				ECD6A26F2E5D8ED7003C1149 /* Frameworks */,
				EC78E39A2E4F694800262F13 /* Products */,
			);
			sourceTree = "<group>";
		};
		EC78E39A2E4F694800262F13 /* Products */ = {
			isa = PBXGroup;
			children = (
				EC78E3992E4F694800262F13 /* Argus.app */,
				EC78E3A72E4F694900262F13 /* ArgusTests.xctest */,
			);
			name = Products;
			sourceTree = "<group>";
		};
		ECD6A26F2E5D8ED7003C1149 /* Frameworks */ = {
			isa = PBXGroup;
			children = (
			);
			name = Frameworks;
			sourceTree = "<group>";
		};
/* End PBXGroup section */

/* Begin PBXNativeTarget section */
		EC78E3982E4F694800262F13 /* Argus */ = {
			isa = PBXNativeTarget;
			buildConfigurationList = EC78E3BB2E4F694900262F13 /* Build configuration list for PBXNativeTarget "Argus" */;
			buildPhases = (
				EC854F7F2E546C7C00468161 /* BuildTools */,
				EC78E3952E4F694800262F13 /* Sources */,
				EC78E3962E4F694800262F13 /* Frameworks */,
				EC78E3972E4F694800262F13 /* Resources */,
			);
			buildRules = (
			);
			dependencies = (
			);
			fileSystemSynchronizedGroups = (
				EC78E39B2E4F694800262F13 /* Argus */,
			);
			name = Argus;
			packageProductDependencies = (
				EC2977A22E58A1F300734BEA /* Alerts */,
				EC2977A42E58A1FD00734BEA /* Dashboard */,
				EC2977A62E58A20200734BEA /* DeviceDetail */,
				EC2977A82E58A20A00734BEA /* Settings */,
				EC6394592E58B8C400FE0A82 /* Infrastructure */,
				EC63945B2E58B8CC00FE0A82 /* Presentation */,
				ECAA1F062E58BA3C006AA681 /* Domain */,
				ECAA1F082E58BAFF006AA681 /* Data */,
				ECD6A2702E5D8ED7003C1149 /* Stores */,
				EC0E44C82E5EF3B100E52C2D /* Navigation */,
			);
			productName = Argus;
			productReference = EC78E3992E4F694800262F13 /* Argus.app */;
			productType = "com.apple.product-type.application";
		};
		EC78E3A62E4F694900262F13 /* ArgusTests */ = {
			isa = PBXNativeTarget;
			buildConfigurationList = EC78E3BE2E4F694900262F13 /* Build configuration list for PBXNativeTarget "ArgusTests" */;
			buildPhases = (
				EC78E3A32E4F694900262F13 /* Sources */,
				EC78E3A42E4F694900262F13 /* Frameworks */,
				EC78E3A52E4F694900262F13 /* Resources */,
			);
			buildRules = (
			);
			dependencies = (
				EC78E3A92E4F694900262F13 /* PBXTargetDependency */,
			);
			fileSystemSynchronizedGroups = (
				EC78E3AA2E4F694900262F13 /* ArgusTests */,
			);
			name = ArgusTests;
			packageProductDependencies = (
			);
			productName = ArgusTests;
			productReference = EC78E3A72E4F694900262F13 /* ArgusTests.xctest */;
			productType = "com.apple.product-type.bundle.unit-test";
		};
/* End PBXNativeTarget section */

/* Begin PBXProject section */
		EC78E3912E4F694800262F13 /* Project object */ = {
			isa = PBXProject;
			attributes = {
				BuildIndependentTargetsInParallel = 1;
				LastSwiftUpdateCheck = 1640;
				LastUpgradeCheck = 1640;
				TargetAttributes = {
					EC78E3982E4F694800262F13 = {
						CreatedOnToolsVersion = 16.4;
					};
					EC78E3A62E4F694900262F13 = {
						CreatedOnToolsVersion = 16.4;
						TestTargetID = EC78E3982E4F694800262F13;
					};
				};
			};
			buildConfigurationList = EC78E3942E4F694800262F13 /* Build configuration list for PBXProject "Argus" */;
			developmentRegion = en;
			hasScannedForEncodings = 0;
			knownRegions = (
				en,
				Base,
			);
			mainGroup = EC78E3902E4F694800262F13;
			minimizedProjectReferenceProxies = 1;
			packageReferences = (
			);
			preferredProjectObjectVersion = 77;
			productRefGroup = EC78E39A2E4F694800262F13 /* Products */;
			projectDirPath = "";
			projectRoot = "";
			targets = (
				EC78E3982E4F694800262F13 /* Argus */,
				EC78E3A62E4F694900262F13 /* ArgusTests */,
			);
		};
/* End PBXProject section */

/* Begin PBXResourcesBuildPhase section */
		EC78E3972E4F694800262F13 /* Resources */ = {
			isa = PBXResourcesBuildPhase;
			buildActionMask = 2147483647;
			files = (
			);
			runOnlyForDeploymentPostprocessing = 0;
		};
		EC78E3A52E4F694900262F13 /* Resources */ = {
			isa = PBXResourcesBuildPhase;
			buildActionMask = 2147483647;
			files = (
			);
			runOnlyForDeploymentPostprocessing = 0;
		};
/* End PBXResourcesBuildPhase section */

/* Begin PBXShellScriptBuildPhase section */
		EC854F7F2E546C7C00468161 /* BuildTools */ = {
			isa = PBXShellScriptBuildPhase;
			alwaysOutOfDate = 1;
			buildActionMask = 2147483647;
			files = (
			);
			inputFileListPaths = (
			);
			inputPaths = (
			);
			name = BuildTools;
			outputFileListPaths = (
			);
			outputPaths = (
			);
			runOnlyForDeploymentPostprocessing = 0;
			shellPath = /bin/sh;
			shellScript = "# Run SwiftFormat first\n cd BuildTools\n SDKROOT=$(xcrun --sdk macosx --show-sdk-path)\n echo \"Running SwiftFormat...\"\n swift run -c release swiftformat \"$SRCROOT\"\n\n# Run SwiftLint separately\n cd \"$SRCROOT\"\n echo \"Running SwiftLint...\"\n swift run -c release --package-path BuildTools swiftlint lint \\\n  Argus \\\n  AppPackages/Data/Sources \\\n  AppPackages/Domain/Sources \\\n  AppPackages/Infrastructure/Sources \\\n  AppPackages/Presentation/Sources \\\n  --reporter xcode\n";
		};
/* End PBXShellScriptBuildPhase section */

/* Begin PBXSourcesBuildPhase section */
		EC78E3952E4F694800262F13 /* Sources */ = {
			isa = PBXSourcesBuildPhase;
			buildActionMask = 2147483647;
			files = (
			);
			runOnlyForDeploymentPostprocessing = 0;
		};
		EC78E3A32E4F694900262F13 /* Sources */ = {
			isa = PBXSourcesBuildPhase;
			buildActionMask = 2147483647;
			files = (
			);
			runOnlyForDeploymentPostprocessing = 0;
		};
/* End PBXSourcesBuildPhase section */

/* Begin PBXTargetDependency section */
		EC78E3A92E4F694900262F13 /* PBXTargetDependency */ = {
			isa = PBXTargetDependency;
			target = EC78E3982E4F694800262F13 /* Argus */;
			targetProxy = EC78E3A82E4F694900262F13 /* PBXContainerItemProxy */;
		};
/* End PBXTargetDependency section */

/* Begin XCBuildConfiguration section */
		EC78E3B92E4F694900262F13 /* Debug */ = {
			isa = XCBuildConfiguration;
			baseConfigurationReferenceAnchor = EC78E39B2E4F694800262F13 /* Argus */;
			baseConfigurationReferenceRelativePath = Config/Debug.xcconfig;
			buildSettings = {
				ALWAYS_SEARCH_USER_PATHS = NO;
				ASSETCATALOG_COMPILER_GENERATE_SWIFT_ASSET_SYMBOL_EXTENSIONS = YES;
				CLANG_ANALYZER_NONNULL = YES;
				CLANG_ANALYZER_NUMBER_OBJECT_CONVERSION = YES_AGGRESSIVE;
				CLANG_CXX_LANGUAGE_STANDARD = "gnu++20";
				CLANG_ENABLE_MODULES = YES;
				CLANG_ENABLE_OBJC_ARC = YES;
				CLANG_ENABLE_OBJC_WEAK = YES;
				CLANG_WARN_BLOCK_CAPTURE_AUTORELEASING = YES;
				CLANG_WARN_BOOL_CONVERSION = YES;
				CLANG_WARN_COMMA = YES;
				CLANG_WARN_CONSTANT_CONVERSION = YES;
				CLANG_WARN_DEPRECATED_OBJC_IMPLEMENTATIONS = YES;
				CLANG_WARN_DIRECT_OBJC_ISA_USAGE = YES_ERROR;
				CLANG_WARN_DOCUMENTATION_COMMENTS = YES;
				CLANG_WARN_EMPTY_BODY = YES;
				CLANG_WARN_ENUM_CONVERSION = YES;
				CLANG_WARN_INFINITE_RECURSION = YES;
				CLANG_WARN_INT_CONVERSION = YES;
				CLANG_WARN_NON_LITERAL_NULL_CONVERSION = YES;
				CLANG_WARN_OBJC_IMPLICIT_RETAIN_SELF = YES;
				CLANG_WARN_OBJC_LITERAL_CONVERSION = YES;
				CLANG_WARN_OBJC_ROOT_CLASS = YES_ERROR;
				CLANG_WARN_QUOTED_INCLUDE_IN_FRAMEWORK_HEADER = YES;
				CLANG_WARN_RANGE_LOOP_ANALYSIS = YES;
				CLANG_WARN_STRICT_PROTOTYPES = YES;
				CLANG_WARN_SUSPICIOUS_MOVE = YES;
				CLANG_WARN_UNGUARDED_AVAILABILITY = YES_AGGRESSIVE;
				CLANG_WARN_UNREACHABLE_CODE = YES;
				CLANG_WARN__DUPLICATE_METHOD_MATCH = YES;
				COPY_PHASE_STRIP = NO;
				DEBUG_INFORMATION_FORMAT = dwarf;
				ENABLE_STRICT_OBJC_MSGSEND = YES;
				ENABLE_TESTABILITY = YES;
				ENABLE_USER_SCRIPT_SANDBOXING = YES;
				GCC_C_LANGUAGE_STANDARD = gnu17;
				GCC_DYNAMIC_NO_PIC = NO;
				GCC_NO_COMMON_BLOCKS = YES;
				GCC_OPTIMIZATION_LEVEL = 0;
				GCC_PREPROCESSOR_DEFINITIONS = (
					"DEBUG=1",
					"$(inherited)",
				);
				GCC_WARN_64_TO_32_BIT_CONVERSION = YES;
				GCC_WARN_ABOUT_RETURN_TYPE = YES_ERROR;
				GCC_WARN_UNDECLARED_SELECTOR = YES;
				GCC_WARN_UNINITIALIZED_AUTOS = YES_AGGRESSIVE;
				GCC_WARN_UNUSED_FUNCTION = YES;
				GCC_WARN_UNUSED_VARIABLE = YES;
				LOCALIZATION_PREFERS_STRING_CATALOGS = YES;
				MTL_ENABLE_DEBUG_INFO = INCLUDE_SOURCE;
				MTL_FAST_MATH = YES;
				ONLY_ACTIVE_ARCH = YES;
				SWIFT_ACTIVE_COMPILATION_CONDITIONS = "DEBUG $(inherited)";
				SWIFT_OPTIMIZATION_LEVEL = "-Onone";
			};
			name = Debug;
		};
		EC78E3BA2E4F694900262F13 /* Release */ = {
			isa = XCBuildConfiguration;
			baseConfigurationReferenceAnchor = EC78E39B2E4F694800262F13 /* Argus */;
			baseConfigurationReferenceRelativePath = Config/Release.xcconfig;
			buildSettings = {
				ALWAYS_SEARCH_USER_PATHS = NO;
				ASSETCATALOG_COMPILER_GENERATE_SWIFT_ASSET_SYMBOL_EXTENSIONS = YES;
				CLANG_ANALYZER_NONNULL = YES;
				CLANG_ANALYZER_NUMBER_OBJECT_CONVERSION = YES_AGGRESSIVE;
				CLANG_CXX_LANGUAGE_STANDARD = "gnu++20";
				CLANG_ENABLE_MODULES = YES;
				CLANG_ENABLE_OBJC_ARC = YES;
				CLANG_ENABLE_OBJC_WEAK = YES;
				CLANG_WARN_BLOCK_CAPTURE_AUTORELEASING = YES;
				CLANG_WARN_BOOL_CONVERSION = YES;
				CLANG_WARN_COMMA = YES;
				CLANG_WARN_CONSTANT_CONVERSION = YES;
				CLANG_WARN_DEPRECATED_OBJC_IMPLEMENTATIONS = YES;
				CLANG_WARN_DIRECT_OBJC_ISA_USAGE = YES_ERROR;
				CLANG_WARN_DOCUMENTATION_COMMENTS = YES;
				CLANG_WARN_EMPTY_BODY = YES;
				CLANG_WARN_ENUM_CONVERSION = YES;
				CLANG_WARN_INFINITE_RECURSION = YES;
				CLANG_WARN_INT_CONVERSION = YES;
				CLANG_WARN_NON_LITERAL_NULL_CONVERSION = YES;
				CLANG_WARN_OBJC_IMPLICIT_RETAIN_SELF = YES;
				CLANG_WARN_OBJC_LITERAL_CONVERSION = YES;
				CLANG_WARN_OBJC_ROOT_CLASS = YES_ERROR;
				CLANG_WARN_QUOTED_INCLUDE_IN_FRAMEWORK_HEADER = YES;
				CLANG_WARN_RANGE_LOOP_ANALYSIS = YES;
				CLANG_WARN_STRICT_PROTOTYPES = YES;
				CLANG_WARN_SUSPICIOUS_MOVE = YES;
				CLANG_WARN_UNGUARDED_AVAILABILITY = YES_AGGRESSIVE;
				CLANG_WARN_UNREACHABLE_CODE = YES;
				CLANG_WARN__DUPLICATE_METHOD_MATCH = YES;
				COPY_PHASE_STRIP = NO;
				DEBUG_INFORMATION_FORMAT = "dwarf-with-dsym";
				ENABLE_NS_ASSERTIONS = NO;
				ENABLE_STRICT_OBJC_MSGSEND = YES;
				ENABLE_USER_SCRIPT_SANDBOXING = YES;
				GCC_C_LANGUAGE_STANDARD = gnu17;
				GCC_NO_COMMON_BLOCKS = YES;
				GCC_WARN_64_TO_32_BIT_CONVERSION = YES;
				GCC_WARN_ABOUT_RETURN_TYPE = YES_ERROR;
				GCC_WARN_UNDECLARED_SELECTOR = YES;
				GCC_WARN_UNINITIALIZED_AUTOS = YES_AGGRESSIVE;
				GCC_WARN_UNUSED_FUNCTION = YES;
				GCC_WARN_UNUSED_VARIABLE = YES;
				LOCALIZATION_PREFERS_STRING_CATALOGS = YES;
				MTL_ENABLE_DEBUG_INFO = NO;
				MTL_FAST_MATH = YES;
				SWIFT_COMPILATION_MODE = wholemodule;
			};
			name = Release;
		};
		EC78E3BC2E4F694900262F13 /* Debug */ = {
			isa = XCBuildConfiguration;
			baseConfigurationReferenceAnchor = EC78E39B2E4F694800262F13 /* Argus */;
			baseConfigurationReferenceRelativePath = Config/Debug.xcconfig;
			buildSettings = {
				ASSETCATALOG_COMPILER_APPICON_NAME = AppIcon;
				ASSETCATALOG_COMPILER_GLOBAL_ACCENT_COLOR_NAME = AccentColor;
				CODE_SIGN_ENTITLEMENTS = Argus/Argus.entitlements;
				CODE_SIGN_STYLE = Automatic;
				CURRENT_PROJECT_VERSION = 1;
				ENABLE_PREVIEWS = YES;
				ENABLE_USER_SCRIPT_SANDBOXING = NO;
				GENERATE_INFOPLIST_FILE = YES;
				INFOPLIST_FILE = Argus/Info.plist;
				INFOPLIST_KEY_CFBundleDisplayName = Argus;
				INFOPLIST_KEY_LSApplicationCategoryType = "public.app-category.lifestyle";
				"INFOPLIST_KEY_UIApplicationSceneManifest_Generation[sdk=iphoneos*]" = YES;
				"INFOPLIST_KEY_UIApplicationSceneManifest_Generation[sdk=iphonesimulator*]" = YES;
				"INFOPLIST_KEY_UIApplicationSupportsIndirectInputEvents[sdk=iphoneos*]" = YES;
				"INFOPLIST_KEY_UIApplicationSupportsIndirectInputEvents[sdk=iphonesimulator*]" = YES;
				"INFOPLIST_KEY_UILaunchScreen_Generation[sdk=iphoneos*]" = YES;
				"INFOPLIST_KEY_UILaunchScreen_Generation[sdk=iphonesimulator*]" = YES;
				"INFOPLIST_KEY_UIStatusBarStyle[sdk=iphoneos*]" = UIStatusBarStyleDefault;
				"INFOPLIST_KEY_UIStatusBarStyle[sdk=iphonesimulator*]" = UIStatusBarStyleDefault;
				INFOPLIST_KEY_UISupportedInterfaceOrientations_iPad = "UIInterfaceOrientationPortrait UIInterfaceOrientationPortraitUpsideDown UIInterfaceOrientationLandscapeLeft UIInterfaceOrientationLandscapeRight";
				INFOPLIST_KEY_UISupportedInterfaceOrientations_iPhone = "UIInterfaceOrientationPortrait UIInterfaceOrientationLandscapeLeft UIInterfaceOrientationLandscapeRight";
				IPHONEOS_DEPLOYMENT_TARGET = 17;
				LD_RUNPATH_SEARCH_PATHS = "@executable_path/Frameworks";
				"LD_RUNPATH_SEARCH_PATHS[sdk=macosx*]" = "@executable_path/../Frameworks";
				MACOSX_DEPLOYMENT_TARGET = 15.5;
				MARKETING_VERSION = 1.0;
				PRODUCT_BUNDLE_IDENTIFIER = com.argus;
				PRODUCT_NAME = "$(TARGET_NAME)";
				REGISTER_APP_GROUPS = YES;
				SDKROOT = auto;
				SUPPORTED_PLATFORMS = "iphoneos iphonesimulator macosx xros xrsimulator";
				SWIFT_EMIT_LOC_STRINGS = YES;
				SWIFT_VERSION = 5.0;
				TARGETED_DEVICE_FAMILY = "1,2,7";
				XROS_DEPLOYMENT_TARGET = 2.5;
			};
			name = Debug;
		};
		EC78E3BD2E4F694900262F13 /* Release */ = {
			isa = XCBuildConfiguration;
			baseConfigurationReferenceAnchor = EC78E39B2E4F694800262F13 /* Argus */;
			baseConfigurationReferenceRelativePath = Config/Release.xcconfig;
			buildSettings = {
				ASSETCATALOG_COMPILER_APPICON_NAME = AppIcon;
				ASSETCATALOG_COMPILER_GLOBAL_ACCENT_COLOR_NAME = AccentColor;
				CODE_SIGN_ENTITLEMENTS = Argus/Argus.entitlements;
				CODE_SIGN_STYLE = Automatic;
				CURRENT_PROJECT_VERSION = 1;
				ENABLE_PREVIEWS = YES;
				ENABLE_USER_SCRIPT_SANDBOXING = NO;
				GENERATE_INFOPLIST_FILE = YES;
				INFOPLIST_FILE = Argus/Info.plist;
				INFOPLIST_KEY_CFBundleDisplayName = Argus;
				INFOPLIST_KEY_LSApplicationCategoryType = "public.app-category.lifestyle";
				"INFOPLIST_KEY_UIApplicationSceneManifest_Generation[sdk=iphoneos*]" = YES;
				"INFOPLIST_KEY_UIApplicationSceneManifest_Generation[sdk=iphonesimulator*]" = YES;
				"INFOPLIST_KEY_UIApplicationSupportsIndirectInputEvents[sdk=iphoneos*]" = YES;
				"INFOPLIST_KEY_UIApplicationSupportsIndirectInputEvents[sdk=iphonesimulator*]" = YES;
				"INFOPLIST_KEY_UILaunchScreen_Generation[sdk=iphoneos*]" = YES;
				"INFOPLIST_KEY_UILaunchScreen_Generation[sdk=iphonesimulator*]" = YES;
				"INFOPLIST_KEY_UIStatusBarStyle[sdk=iphoneos*]" = UIStatusBarStyleDefault;
				"INFOPLIST_KEY_UIStatusBarStyle[sdk=iphonesimulator*]" = UIStatusBarStyleDefault;
				INFOPLIST_KEY_UISupportedInterfaceOrientations_iPad = "UIInterfaceOrientationPortrait UIInterfaceOrientationPortraitUpsideDown UIInterfaceOrientationLandscapeLeft UIInterfaceOrientationLandscapeRight";
				INFOPLIST_KEY_UISupportedInterfaceOrientations_iPhone = "UIInterfaceOrientationPortrait UIInterfaceOrientationLandscapeLeft UIInterfaceOrientationLandscapeRight";
				IPHONEOS_DEPLOYMENT_TARGET = 17;
				LD_RUNPATH_SEARCH_PATHS = "@executable_path/Frameworks";
				"LD_RUNPATH_SEARCH_PATHS[sdk=macosx*]" = "@executable_path/../Frameworks";
				MACOSX_DEPLOYMENT_TARGET = 15.5;
				MARKETING_VERSION = 1.0;
				PRODUCT_BUNDLE_IDENTIFIER = com.argus;
				PRODUCT_NAME = "$(TARGET_NAME)";
				REGISTER_APP_GROUPS = YES;
				SDKROOT = auto;
				SUPPORTED_PLATFORMS = "iphoneos iphonesimulator macosx xros xrsimulator";
				SWIFT_EMIT_LOC_STRINGS = YES;
				SWIFT_VERSION = 5.0;
				TARGETED_DEVICE_FAMILY = "1,2,7";
				XROS_DEPLOYMENT_TARGET = 2.5;
			};
			name = Release;
		};
		EC78E3BF2E4F694900262F13 /* Debug */ = {
			isa = XCBuildConfiguration;
			baseConfigurationReferenceAnchor = EC78E39B2E4F694800262F13 /* Argus */;
			baseConfigurationReferenceRelativePath = Config/Debug.xcconfig;
			buildSettings = {
				BUNDLE_LOADER = "$(TEST_HOST)";
				CODE_SIGN_STYLE = Automatic;
				CURRENT_PROJECT_VERSION = 1;
				GENERATE_INFOPLIST_FILE = YES;
				IPHONEOS_DEPLOYMENT_TARGET = 18.5;
				MACOSX_DEPLOYMENT_TARGET = 15.5;
				MARKETING_VERSION = 1.0;
				PRODUCT_BUNDLE_IDENTIFIER = com.us.ArgusTests;
				PRODUCT_NAME = "$(TARGET_NAME)";
				SDKROOT = auto;
				SUPPORTED_PLATFORMS = "iphoneos iphonesimulator macosx xros xrsimulator";
				SWIFT_EMIT_LOC_STRINGS = NO;
				SWIFT_VERSION = 5.0;
				TARGETED_DEVICE_FAMILY = "1,2,7";
				TEST_HOST = "$(BUILT_PRODUCTS_DIR)/Argus.app/$(BUNDLE_EXECUTABLE_FOLDER_PATH)/Argus";
				XROS_DEPLOYMENT_TARGET = 2.5;
			};
			name = Debug;
		};
		EC78E3C02E4F694900262F13 /* Release */ = {
			isa = XCBuildConfiguration;
			baseConfigurationReferenceAnchor = EC78E39B2E4F694800262F13 /* Argus */;
			baseConfigurationReferenceRelativePath = Config/Release.xcconfig;
			buildSettings = {
				BUNDLE_LOADER = "$(TEST_HOST)";
				CODE_SIGN_STYLE = Automatic;
				CURRENT_PROJECT_VERSION = 1;
				GENERATE_INFOPLIST_FILE = YES;
				IPHONEOS_DEPLOYMENT_TARGET = 18.5;
				MACOSX_DEPLOYMENT_TARGET = 15.5;
				MARKETING_VERSION = 1.0;
				PRODUCT_BUNDLE_IDENTIFIER = com.us.ArgusTests;
				PRODUCT_NAME = "$(TARGET_NAME)";
				SDKROOT = auto;
				SUPPORTED_PLATFORMS = "iphoneos iphonesimulator macosx xros xrsimulator";
				SWIFT_EMIT_LOC_STRINGS = NO;
				SWIFT_VERSION = 5.0;
				TARGETED_DEVICE_FAMILY = "1,2,7";
				TEST_HOST = "$(BUILT_PRODUCTS_DIR)/Argus.app/$(BUNDLE_EXECUTABLE_FOLDER_PATH)/Argus";
				XROS_DEPLOYMENT_TARGET = 2.5;
			};
			name = Release;
		};
/* End XCBuildConfiguration section */

/* Begin XCConfigurationList section */
		EC78E3942E4F694800262F13 /* Build configuration list for PBXProject "Argus" */ = {
			isa = XCConfigurationList;
			buildConfigurations = (
				EC78E3B92E4F694900262F13 /* Debug */,
				EC78E3BA2E4F694900262F13 /* Release */,
			);
			defaultConfigurationIsVisible = 0;
			defaultConfigurationName = Release;
		};
		EC78E3BB2E4F694900262F13 /* Build configuration list for PBXNativeTarget "Argus" */ = {
			isa = XCConfigurationList;
			buildConfigurations = (
				EC78E3BC2E4F694900262F13 /* Debug */,
				EC78E3BD2E4F694900262F13 /* Release */,
			);
			defaultConfigurationIsVisible = 0;
			defaultConfigurationName = Release;
		};
		EC78E3BE2E4F694900262F13 /* Build configuration list for PBXNativeTarget "ArgusTests" */ = {
			isa = XCConfigurationList;
			buildConfigurations = (
				EC78E3BF2E4F694900262F13 /* Debug */,
				EC78E3C02E4F694900262F13 /* Release */,
			);
			defaultConfigurationIsVisible = 0;
			defaultConfigurationName = Release;
		};
/* End XCConfigurationList section */

/* Begin XCSwiftPackageProductDependency section */
		EC0E44C82E5EF3B100E52C2D /* Navigation */ = {
			isa = XCSwiftPackageProductDependency;
			productName = Navigation;
		};
		EC2977A22E58A1F300734BEA /* Alerts */ = {
			isa = XCSwiftPackageProductDependency;
			productName = Alerts;
		};
		EC2977A42E58A1FD00734BEA /* Dashboard */ = {
			isa = XCSwiftPackageProductDependency;
			productName = Dashboard;
		};
		EC2977A62E58A20200734BEA /* DeviceDetail */ = {
			isa = XCSwiftPackageProductDependency;
			productName = DeviceDetail;
		};
		EC2977A82E58A20A00734BEA /* Settings */ = {
			isa = XCSwiftPackageProductDependency;
			productName = Settings;
		};
		EC6394592E58B8C400FE0A82 /* Infrastructure */ = {
			isa = XCSwiftPackageProductDependency;
			productName = Infrastructure;
		};
		EC63945B2E58B8CC00FE0A82 /* Presentation */ = {
			isa = XCSwiftPackageProductDependency;
			productName = Presentation;
		};
		ECAA1F062E58BA3C006AA681 /* Domain */ = {
			isa = XCSwiftPackageProductDependency;
			productName = Domain;
		};
		ECAA1F082E58BAFF006AA681 /* Data */ = {
			isa = XCSwiftPackageProductDependency;
			productName = Data;
		};
		ECD6A2702E5D8ED7003C1149 /* Stores */ = {
			isa = XCSwiftPackageProductDependency;
			productName = Stores;
		};
/* End XCSwiftPackageProductDependency section */
	};
	rootObject = EC78E3912E4F694800262F13 /* Project object */;
}
